
Microsoft Visual Studio Solution File, Format Version 12.00
# Visual Studio 15
VisualStudioVersion = 15.0.26730.12
MinimumVisualStudioVersion = 10.0.40219.1
Project("{FAE04EC0-301F-11D3-BF4B-00C04F79EFBC}") = "SimpleWordCount", "SimpleWordCount\SimpleWordCount.csproj", "{49709EA8-6A91-4C52-A802-A9745205D216}"
EndProject
Project("{FAE04EC0-301F-11D3-BF4B-00C04F79EFBC}") = "WordCountingTests", "WordCountingTests\WordCountingTests.csproj", "{D2C32F44-1FFD-4AB4-AA2D-57B65E7E48A4}"
EndProject
Project("{FAE04EC0-301F-11D3-BF4B-00C04F79EFBC}") = "WordCountListing", "WordCountListing\WordCountListing.csproj", "{DA2A62A2-DDED-4C12-9235-350B6DF8B87A}"
EndProject
Global
	GlobalSection(SolutionConfigurationPlatforms) = preSolution
		Debug|Any CPU = Debug|Any CPU
		Release|Any CPU = Release|Any CPU
	EndGlobalSection
	GlobalSection(ProjectConfigurationPlatforms) = postSolution
		{49709EA8-6A91-4C52-A802-A9745205D216}.Debug|Any CPU.ActiveCfg = Debug|Any CPU
		{49709EA8-6A91-4C52-A802-A9745205D216}.Debug|Any CPU.Build.0 = Debug|Any CPU
		{49709EA8-6A91-4C52-A802-A9745205D216}.Release|Any CPU.ActiveCfg = Release|Any CPU
		{49709EA8-6A91-4C52-A802-A9745205D216}.Release|Any CPU.Build.0 = Release|Any CPU
		{D2C32F44-1FFD-4AB4-AA2D-57B65E7E48A4}.Debug|Any CPU.ActiveCfg = Debug|Any CPU
		{D2C32F44-1FFD-4AB4-AA2D-57B65E7E48A4}.Debug|Any CPU.Build.0 = Debug|Any CPU
		{D2C32F44-1FFD-4AB4-AA2D-57B65E7E48A4}.Release|Any CPU.ActiveCfg = Release|Any CPU
		{D2C32F44-1FFD-4AB4-AA2D-57B65E7E48A4}.Release|Any CPU.Build.0 = Release|Any CPU
		{DA2A62A2-DDED-4C12-9235-350B6DF8B87A}.Debug|Any CPU.ActiveCfg = Debug|Any CPU
		{DA2A62A2-DDED-4C12-9235-350B6DF8B87A}.Debug|Any CPU.Build.0 = Debug|Any CPU
		{DA2A62A2-DDED-4C12-9235-350B6DF8B87A}.Release|Any CPU.ActiveCfg = Release|Any CPU
		{DA2A62A2-DDED-4C12-9235-350B6DF8B87A}.Release|Any CPU.Build.0 = Release|Any CPU
	EndGlobalSection
	GlobalSection(SolutionProperties) = preSolution
		HideSolutionNode = FALSE
	EndGlobalSection
	GlobalSection(ExtensibilityGlobals) = postSolution
		SolutionGuid = {97008A9C-DDDE-4A93-9393-7080BD84DF75}
	EndGlobalSection
EndGlobal
